// !$*UTF8*$!
{
	archiveVersion = 1;
	classes = {
	};
	objectVersion = 46;
	objects = {

/* Begin PBXBuildFile section */
		925404381F3120BE0011B887 /* AppDelegate.swift in Sources */ = {isa = PBXBuildFile; fileRef = 925404371F3120BE0011B887 /* AppDelegate.swift */; };
		9254043A1F3120BE0011B887 /* ViewController.swift in Sources */ = {isa = PBXBuildFile; fileRef = 925404391F3120BE0011B887 /* ViewController.swift */; };
		9254043D1F3120BE0011B887 /* Main.storyboard in Resources */ = {isa = PBXBuildFile; fileRef = 9254043B1F3120BE0011B887 /* Main.storyboard */; };
		9254043F1F3120BE0011B887 /* Assets.xcassets in Resources */ = {isa = PBXBuildFile; fileRef = 9254043E1F3120BE0011B887 /* Assets.xcassets */; };
		925404421F3120BE0011B887 /* LaunchScreen.storyboard in Resources */ = {isa = PBXBuildFile; fileRef = 925404401F3120BE0011B887 /* LaunchScreen.storyboard */; };
		9254044D1F3120BE0011B887 /* HAR_Sensor_LoggerTests.swift in Sources */ = {isa = PBXBuildFile; fileRef = 9254044C1F3120BE0011B887 /* HAR_Sensor_LoggerTests.swift */; };
		925404581F3120BE0011B887 /* HAR_Sensor_LoggerUITests.swift in Sources */ = {isa = PBXBuildFile; fileRef = 925404571F3120BE0011B887 /* HAR_Sensor_LoggerUITests.swift */; };
/* End PBXBuildFile section */

/* Begin PBXContainerItemProxy section */
		925404491F3120BE0011B887 /* PBXContainerItemProxy */ = {
			isa = PBXContainerItemProxy;
			containerPortal = 9254042C1F3120BE0011B887 /* Project object */;
			proxyType = 1;
			remoteGlobalIDString = 925404331F3120BE0011B887;
			remoteInfo = "HAR Sensor Logger";
		};
		925404541F3120BE0011B887 /* PBXContainerItemProxy */ = {
			isa = PBXContainerItemProxy;
			containerPortal = 9254042C1F3120BE0011B887 /* Project object */;
			proxyType = 1;
			remoteGlobalIDString = 925404331F3120BE0011B887;
			remoteInfo = "HAR Sensor Logger";
		};
/* End PBXContainerItemProxy section */

/* Begin PBXFileReference section */
		925404341F3120BE0011B887 /* HAR Sensor Logger.app */ = {isa = PBXFileReference; explicitFileType = wrapper.application; includeInIndex = 0; path = "HAR Sensor Logger.app"; sourceTree = BUILT_PRODUCTS_DIR; };
		925404371F3120BE0011B887 /* AppDelegate.swift */ = {isa = PBXFileReference; lastKnownFileType = sourcecode.swift; path = AppDelegate.swift; sourceTree = "<group>"; };
		925404391F3120BE0011B887 /* ViewController.swift */ = {isa = PBXFileReference; lastKnownFileType = sourcecode.swift; path = ViewController.swift; sourceTree = "<group>"; };
		9254043C1F3120BE0011B887 /* Base */ = {isa = PBXFileReference; lastKnownFileType = file.storyboard; name = Base; path = Base.lproj/Main.storyboard; sourceTree = "<group>"; };
		9254043E1F3120BE0011B887 /* Assets.xcassets */ = {isa = PBXFileReference; lastKnownFileType = folder.assetcatalog; path = Assets.xcassets; sourceTree = "<group>"; };
		925404411F3120BE0011B887 /* Base */ = {isa = PBXFileReference; lastKnownFileType = file.storyboard; name = Base; path = Base.lproj/LaunchScreen.storyboard; sourceTree = "<group>"; };
		925404431F3120BE0011B887 /* Info.plist */ = {isa = PBXFileReference; lastKnownFileType = text.plist.xml; path = Info.plist; sourceTree = "<group>"; };
		925404481F3120BE0011B887 /* HAR Sensor LoggerTests.xctest */ = {isa = PBXFileReference; explicitFileType = wrapper.cfbundle; includeInIndex = 0; path = "HAR Sensor LoggerTests.xctest"; sourceTree = BUILT_PRODUCTS_DIR; };
		9254044C1F3120BE0011B887 /* HAR_Sensor_LoggerTests.swift */ = {isa = PBXFileReference; lastKnownFileType = sourcecode.swift; path = HAR_Sensor_LoggerTests.swift; sourceTree = "<group>"; };
		9254044E1F3120BE0011B887 /* Info.plist */ = {isa = PBXFileReference; lastKnownFileType = text.plist.xml; path = Info.plist; sourceTree = "<group>"; };
		925404531F3120BE0011B887 /* HAR Sensor LoggerUITests.xctest */ = {isa = PBXFileReference; explicitFileType = wrapper.cfbundle; includeInIndex = 0; path = "HAR Sensor LoggerUITests.xctest"; sourceTree = BUILT_PRODUCTS_DIR; };
		925404571F3120BE0011B887 /* HAR_Sensor_LoggerUITests.swift */ = {isa = PBXFileReference; lastKnownFileType = sourcecode.swift; path = HAR_Sensor_LoggerUITests.swift; sourceTree = "<group>"; };
		925404591F3120BE0011B887 /* Info.plist */ = {isa = PBXFileReference; lastKnownFileType = text.plist.xml; path = Info.plist; sourceTree = "<group>"; };
/* End PBXFileReference section */

/* Begin PBXFrameworksBuildPhase section */
		925404311F3120BE0011B887 /* Frameworks */ = {
			isa = PBXFrameworksBuildPhase;
			buildActionMask = 2147483647;
			files = (
			);
			runOnlyForDeploymentPostprocessing = 0;
		};
		925404451F3120BE0011B887 /* Frameworks */ = {
			isa = PBXFrameworksBuildPhase;
			buildActionMask = 2147483647;
			files = (
			);
			runOnlyForDeploymentPostprocessing = 0;
		};
		925404501F3120BE0011B887 /* Frameworks */ = {
			isa = PBXFrameworksBuildPhase;
			buildActionMask = 2147483647;
			files = (
			);
			runOnlyForDeploymentPostprocessing = 0;
		};
/* End PBXFrameworksBuildPhase section */

/* Begin PBXGroup section */
		9254042B1F3120BE0011B887 = {
			isa = PBXGroup;
			children = (
				925404361F3120BE0011B887 /* HAR Sensor Logger */,
				9254044B1F3120BE0011B887 /* HAR Sensor LoggerTests */,
				925404561F3120BE0011B887 /* HAR Sensor LoggerUITests */,
				925404351F3120BE0011B887 /* Products */,
			);
			sourceTree = "<group>";
		};
		925404351F3120BE0011B887 /* Products */ = {
			isa = PBXGroup;
			children = (
				925404341F3120BE0011B887 /* HAR Sensor Logger.app */,
				925404481F3120BE0011B887 /* HAR Sensor LoggerTests.xctest */,
				925404531F3120BE0011B887 /* HAR Sensor LoggerUITests.xctest */,
			);
			name = Products;
			sourceTree = "<group>";
		};
		925404361F3120BE0011B887 /* HAR Sensor Logger */ = {
			isa = PBXGroup;
			children = (
				925404371F3120BE0011B887 /* AppDelegate.swift */,
				925404391F3120BE0011B887 /* ViewController.swift */,
				9254043B1F3120BE0011B887 /* Main.storyboard */,
				9254043E1F3120BE0011B887 /* Assets.xcassets */,
				925404401F3120BE0011B887 /* LaunchScreen.storyboard */,
				925404431F3120BE0011B887 /* Info.plist */,
			);
			path = "HAR Sensor Logger";
			sourceTree = "<group>";
		};
		9254044B1F3120BE0011B887 /* HAR Sensor LoggerTests */ = {
			isa = PBXGroup;
			children = (
				9254044C1F3120BE0011B887 /* HAR_Sensor_LoggerTests.swift */,
				9254044E1F3120BE0011B887 /* Info.plist */,
			);
			path = "HAR Sensor LoggerTests";
			sourceTree = "<group>";
		};
		925404561F3120BE0011B887 /* HAR Sensor LoggerUITests */ = {
			isa = PBXGroup;
			children = (
				925404571F3120BE0011B887 /* HAR_Sensor_LoggerUITests.swift */,
				925404591F3120BE0011B887 /* Info.plist */,
			);
			path = "HAR Sensor LoggerUITests";
			sourceTree = "<group>";
		};
/* End PBXGroup section */

/* Begin PBXNativeTarget section */
		925404331F3120BE0011B887 /* HAR Sensor Logger */ = {
			isa = PBXNativeTarget;
			buildConfigurationList = 9254045C1F3120BE0011B887 /* Build configuration list for PBXNativeTarget "HAR Sensor Logger" */;
			buildPhases = (
				925404301F3120BE0011B887 /* Sources */,
				925404311F3120BE0011B887 /* Frameworks */,
				925404321F3120BE0011B887 /* Resources */,
			);
			buildRules = (
			);
			dependencies = (
			);
			name = "HAR Sensor Logger";
			productName = "HAR Sensor Logger";
			productReference = 925404341F3120BE0011B887 /* HAR Sensor Logger.app */;
			productType = "com.apple.product-type.application";
		};
		925404471F3120BE0011B887 /* HAR Sensor LoggerTests */ = {
			isa = PBXNativeTarget;
			buildConfigurationList = 9254045F1F3120BE0011B887 /* Build configuration list for PBXNativeTarget "HAR Sensor LoggerTests" */;
			buildPhases = (
				925404441F3120BE0011B887 /* Sources */,
				925404451F3120BE0011B887 /* Frameworks */,
				925404461F3120BE0011B887 /* Resources */,
			);
			buildRules = (
			);
			dependencies = (
				9254044A1F3120BE0011B887 /* PBXTargetDependency */,
			);
			name = "HAR Sensor LoggerTests";
			productName = "HAR Sensor LoggerTests";
			productReference = 925404481F3120BE0011B887 /* HAR Sensor LoggerTests.xctest */;
			productType = "com.apple.product-type.bundle.unit-test";
		};
		925404521F3120BE0011B887 /* HAR Sensor LoggerUITests */ = {
			isa = PBXNativeTarget;
			buildConfigurationList = 925404621F3120BE0011B887 /* Build configuration list for PBXNativeTarget "HAR Sensor LoggerUITests" */;
			buildPhases = (
				9254044F1F3120BE0011B887 /* Sources */,
				925404501F3120BE0011B887 /* Frameworks */,
				925404511F3120BE0011B887 /* Resources */,
			);
			buildRules = (
			);
			dependencies = (
				925404551F3120BE0011B887 /* PBXTargetDependency */,
			);
			name = "HAR Sensor LoggerUITests";
			productName = "HAR Sensor LoggerUITests";
			productReference = 925404531F3120BE0011B887 /* HAR Sensor LoggerUITests.xctest */;
			productType = "com.apple.product-type.bundle.ui-testing";
		};
/* End PBXNativeTarget section */

/* Begin PBXProject section */
		9254042C1F3120BE0011B887 /* Project object */ = {
			isa = PBXProject;
			attributes = {
				LastSwiftUpdateCheck = 0820;
				LastUpgradeCheck = 0820;
				ORGANIZATIONNAME = "Sreela Kodali";
				TargetAttributes = {
					925404331F3120BE0011B887 = {
						CreatedOnToolsVersion = 8.2.1;
						DevelopmentTeam = 8G7YU2SZ33;
						ProvisioningStyle = Automatic;
					};
					925404471F3120BE0011B887 = {
						CreatedOnToolsVersion = 8.2.1;
						ProvisioningStyle = Automatic;
						TestTargetID = 925404331F3120BE0011B887;
					};
					925404521F3120BE0011B887 = {
						CreatedOnToolsVersion = 8.2.1;
						ProvisioningStyle = Automatic;
						TestTargetID = 925404331F3120BE0011B887;
					};
				};
			};
			buildConfigurationList = 9254042F1F3120BE0011B887 /* Build configuration list for PBXProject "HAR Sensor Logger" */;
			compatibilityVersion = "Xcode 3.2";
			developmentRegion = English;
			hasScannedForEncodings = 0;
			knownRegions = (
				en,
				Base,
			);
			mainGroup = 9254042B1F3120BE0011B887;
			productRefGroup = 925404351F3120BE0011B887 /* Products */;
			projectDirPath = "";
			projectRoot = "";
			targets = (
				925404331F3120BE0011B887 /* HAR Sensor Logger */,
				925404471F3120BE0011B887 /* HAR Sensor LoggerTests */,
				925404521F3120BE0011B887 /* HAR Sensor LoggerUITests */,
			);
		};
/* End PBXProject section */

/* Begin PBXResourcesBuildPhase section */
		925404321F3120BE0011B887 /* Resources */ = {
			isa = PBXResourcesBuildPhase;
			buildActionMask = 2147483647;
			files = (
				925404421F3120BE0011B887 /* LaunchScreen.storyboard in Resources */,
				9254043F1F3120BE0011B887 /* Assets.xcassets in Resources */,
				9254043D1F3120BE0011B887 /* Main.storyboard in Resources */,
			);
			runOnlyForDeploymentPostprocessing = 0;
		};
		925404461F3120BE0011B887 /* Resources */ = {
			isa = PBXResourcesBuildPhase;
			buildActionMask = 2147483647;
			files = (
			);
			runOnlyForDeploymentPostprocessing = 0;
		};
		925404511F3120BE0011B887 /* Resources */ = {
			isa = PBXResourcesBuildPhase;
			buildActionMask = 2147483647;
			files = (
			);
			runOnlyForDeploymentPostprocessing = 0;
		};
/* End PBXResourcesBuildPhase section */

/* Begin PBXSourcesBuildPhase section */
		925404301F3120BE0011B887 /* Sources */ = {
			isa = PBXSourcesBuildPhase;
			buildActionMask = 2147483647;
			files = (
				9254043A1F3120BE0011B887 /* ViewController.swift in Sources */,
				925404381F3120BE0011B887 /* AppDelegate.swift in Sources */,
			);
			runOnlyForDeploymentPostprocessing = 0;
		};
		925404441F3120BE0011B887 /* Sources */ = {
			isa = PBXSourcesBuildPhase;
			buildActionMask = 2147483647;
			files = (
				9254044D1F3120BE0011B887 /* HAR_Sensor_LoggerTests.swift in Sources */,
			);
			runOnlyForDeploymentPostprocessing = 0;
		};
		9254044F1F3120BE0011B887 /* Sources */ = {
			isa = PBXSourcesBuildPhase;
			buildActionMask = 2147483647;
			files = (
				925404581F3120BE0011B887 /* HAR_Sensor_LoggerUITests.swift in Sources */,
			);
			runOnlyForDeploymentPostprocessing = 0;
		};
/* End PBXSourcesBuildPhase section */

/* Begin PBXTargetDependency section */
		9254044A1F3120BE0011B887 /* PBXTargetDependency */ = {
			isa = PBXTargetDependency;
			target = 925404331F3120BE0011B887 /* HAR Sensor Logger */;
			targetProxy = 925404491F3120BE0011B887 /* PBXContainerItemProxy */;
		};
		925404551F3120BE0011B887 /* PBXTargetDependency */ = {
			isa = PBXTargetDependency;
			target = 925404331F3120BE0011B887 /* HAR Sensor Logger */;
			targetProxy = 925404541F3120BE0011B887 /* PBXContainerItemProxy */;
		};
/* End PBXTargetDependency section */

/* Begin PBXVariantGroup section */
		9254043B1F3120BE0011B887 /* Main.storyboard */ = {
			isa = PBXVariantGroup;
			children = (
				9254043C1F3120BE0011B887 /* Base */,
			);
			name = Main.storyboard;
			sourceTree = "<group>";
		};
		925404401F3120BE0011B887 /* LaunchScreen.storyboard */ = {
			isa = PBXVariantGroup;
			children = (
				925404411F3120BE0011B887 /* Base */,
			);
			name = LaunchScreen.storyboard;
			sourceTree = "<group>";
		};
/* End PBXVariantGroup section */

/* Begin XCBuildConfiguration section */
		9254045A1F3120BE0011B887 /* Debug */ = {
			isa = XCBuildConfiguration;
			buildSettings = {
				ALWAYS_SEARCH_USER_PATHS = NO;
				CLANG_ANALYZER_NONNULL = YES;
				CLANG_CXX_LANGUAGE_STANDARD = "gnu++0x";
				CLANG_CXX_LIBRARY = "libc++";
				CLANG_ENABLE_MODULES = YES;
				CLANG_ENABLE_OBJC_ARC = YES;
				CLANG_WARN_BOOL_CONVERSION = YES;
				CLANG_WARN_CONSTANT_CONVERSION = YES;
				CLANG_WARN_DIRECT_OBJC_ISA_USAGE = YES_ERROR;
				CLANG_WARN_DOCUMENTATION_COMMENTS = YES;
				CLANG_WARN_EMPTY_BODY = YES;
				CLANG_WARN_ENUM_CONVERSION = YES;
				CLANG_WARN_INFINITE_RECURSION = YES;
				CLANG_WARN_INT_CONVERSION = YES;
				CLANG_WARN_OBJC_ROOT_CLASS = YES_ERROR;
				CLANG_WARN_SUSPICIOUS_MOVE = YES;
				CLANG_WARN_UNREACHABLE_CODE = YES;
				CLANG_WARN__DUPLICATE_METHOD_MATCH = YES;
				"CODE_SIGN_IDENTITY[sdk=iphoneos*]" = "iPhone Developer";
				COPY_PHASE_STRIP = NO;
				DEBUG_INFORMATION_FORMAT = dwarf;
				ENABLE_STRICT_OBJC_MSGSEND = YES;
				ENABLE_TESTABILITY = YES;
				GCC_C_LANGUAGE_STANDARD = gnu99;
				GCC_DYNAMIC_NO_PIC = NO;
				GCC_NO_COMMON_BLOCKS = YES;
				GCC_OPTIMIZATION_LEVEL = 0;
				GCC_PREPROCESSOR_DEFINITIONS = (
					"DEBUG=1",
					"$(inherited)",
				);
				GCC_WARN_64_TO_32_BIT_CONVERSION = YES;
				GCC_WARN_ABOUT_RETURN_TYPE = YES_ERROR;
				GCC_WARN_UNDECLARED_SELECTOR = YES;
				GCC_WARN_UNINITIALIZED_AUTOS = YES_AGGRESSIVE;
				GCC_WARN_UNUSED_FUNCTION = YES;
				GCC_WARN_UNUSED_VARIABLE = YES;
				IPHONEOS_DEPLOYMENT_TARGET = 10.2;
				MTL_ENABLE_DEBUG_INFO = YES;
				ONLY_ACTIVE_ARCH = YES;
				SDKROOT = iphoneos;
				SWIFT_ACTIVE_COMPILATION_CONDITIONS = DEBUG;
				SWIFT_OPTIMIZATION_LEVEL = "-Onone";
				TARGETED_DEVICE_FAMILY = "1,2";
			};
			name = Debug;
		};
		9254045B1F3120BE0011B887 /* Release */ = {
			isa = XCBuildConfiguration;
			buildSettings = {
				ALWAYS_SEARCH_USER_PATHS = NO;
				CLANG_ANALYZER_NONNULL = YES;
				CLANG_CXX_LANGUAGE_STANDARD = "gnu++0x";
				CLANG_CXX_LIBRARY = "libc++";
				CLANG_ENABLE_MODULES = YES;
				CLANG_ENABLE_OBJC_ARC = YES;
				CLANG_WARN_BOOL_CONVERSION = YES;
				CLANG_WARN_CONSTANT_CONVERSION = YES;
				CLANG_WARN_DIRECT_OBJC_ISA_USAGE = YES_ERROR;
				CLANG_WARN_DOCUMENTATION_COMMENTS = YES;
				CLANG_WARN_EMPTY_BODY = YES;
				CLANG_WARN_ENUM_CONVERSION = YES;
				CLANG_WARN_INFINITE_RECURSION = YES;
				CLANG_WARN_INT_CONVERSION = YES;
				CLANG_WARN_OBJC_ROOT_CLASS = YES_ERROR;
				CLANG_WARN_SUSPICIOUS_MOVE = YES;
				CLANG_WARN_UNREACHABLE_CODE = YES;
				CLANG_WARN__DUPLICATE_METHOD_MATCH = YES;
				"CODE_SIGN_IDENTITY[sdk=iphoneos*]" = "iPhone Developer";
				COPY_PHASE_STRIP = NO;
				DEBUG_INFORMATION_FORMAT = "dwarf-with-dsym";
				ENABLE_NS_ASSERTIONS = NO;
				ENABLE_STRICT_OBJC_MSGSEND = YES;
				GCC_C_LANGUAGE_STANDARD = gnu99;
				GCC_NO_COMMON_BLOCKS = YES;
				GCC_WARN_64_TO_32_BIT_CONVERSION = YES;
				GCC_WARN_ABOUT_RETURN_TYPE = YES_ERROR;
				GCC_WARN_UNDECLARED_SELECTOR = YES;
				GCC_WARN_UNINITIALIZED_AUTOS = YES_AGGRESSIVE;
				GCC_WARN_UNUSED_FUNCTION = YES;
				GCC_WARN_UNUSED_VARIABLE = YES;
				IPHONEOS_DEPLOYMENT_TARGET = 10.2;
				MTL_ENABLE_DEBUG_INFO = NO;
				SDKROOT = iphoneos;
				SWIFT_OPTIMIZATION_LEVEL = "-Owholemodule";
				TARGETED_DEVICE_FAMILY = "1,2";
				VALIDATE_PRODUCT = YES;
			};
			name = Release;
		};
		9254045D1F3120BE0011B887 /* Debug */ = {
			isa = XCBuildConfiguration;
			buildSettings = {
				ASSETCATALOG_COMPILER_APPICON_NAME = "AppIcon-1";
				DEVELOPMENT_TEAM = 8G7YU2SZ33;
				INFOPLIST_FILE = "HAR Sensor Logger/Info.plist";
				LD_RUNPATH_SEARCH_PATHS = "$(inherited) @executable_path/Frameworks";
				PRODUCT_BUNDLE_IDENTIFIER = "com.sreelaSTARnet.HAR-Sensor-Logger";
				PRODUCT_NAME = "$(TARGET_NAME)";
				SWIFT_VERSION = 3.0;
			};
			name = Debug;
		};
		9254045E1F3120BE0011B887 /* Release */ = {
			isa = XCBuildConfiguration;
			buildSettings = {
				ASSETCATALOG_COMPILER_APPICON_NAME = "AppIcon-1";
				DEVELOPMENT_TEAM = 8G7YU2SZ33;
				INFOPLIST_FILE = "HAR Sensor Logger/Info.plist";
				LD_RUNPATH_SEARCH_PATHS = "$(inherited) @executable_path/Frameworks";
				PRODUCT_BUNDLE_IDENTIFIER = "com.sreelaSTARnet.HAR-Sensor-Logger";
				PRODUCT_NAME = "$(TARGET_NAME)";
				SWIFT_VERSION = 3.0;
			};
			name = Release;
		};
		925404601F3120BE0011B887 /* Debug */ = {
			isa = XCBuildConfiguration;
			buildSettings = {
				ALWAYS_EMBED_SWIFT_STANDARD_LIBRARIES = YES;
				BUNDLE_LOADER = "$(TEST_HOST)";
				INFOPLIST_FILE = "HAR Sensor LoggerTests/Info.plist";
				LD_RUNPATH_SEARCH_PATHS = "$(inherited) @executable_path/Frameworks @loader_path/Frameworks";
				PRODUCT_BUNDLE_IDENTIFIER = "com.sreelaSTARnet.HAR-Sensor-LoggerTests";
				PRODUCT_NAME = "$(TARGET_NAME)";
				SWIFT_VERSION = 3.0;
				TEST_HOST = "$(BUILT_PRODUCTS_DIR)/HAR Sensor Logger.app/HAR Sensor Logger";
			};
			name = Debug;
		};
		925404611F3120BE0011B887 /* Release */ = {
			isa = XCBuildConfiguration;
			buildSettings = {
				ALWAYS_EMBED_SWIFT_STANDARD_LIBRARIES = YES;
				BUNDLE_LOADER = "$(TEST_HOST)";
				INFOPLIST_FILE = "HAR Sensor LoggerTests/Info.plist";
				LD_RUNPATH_SEARCH_PATHS = "$(inherited) @executable_path/Frameworks @loader_path/Frameworks";
				PRODUCT_BUNDLE_IDENTIFIER = "com.sreelaSTARnet.HAR-Sensor-LoggerTests";
				PRODUCT_NAME = "$(TARGET_NAME)";
				SWIFT_VERSION = 3.0;
				TEST_HOST = "$(BUILT_PRODUCTS_DIR)/HAR Sensor Logger.app/HAR Sensor Logger";
			};
			name = Release;
		};
		925404631F3120BE0011B887 /* Debug */ = {
			isa = XCBuildConfiguration;
			buildSettings = {
				ALWAYS_EMBED_SWIFT_STANDARD_LIBRARIES = YES;
				INFOPLIST_FILE = "HAR Sensor LoggerUITests/Info.plist";
				LD_RUNPATH_SEARCH_PATHS = "$(inherited) @executable_path/Frameworks @loader_path/Frameworks";
				PRODUCT_BUNDLE_IDENTIFIER = "com.sreelaSTARnet.HAR-Sensor-LoggerUITests";
				PRODUCT_NAME = "$(TARGET_NAME)";
				SWIFT_VERSION = 3.0;
				TEST_TARGET_NAME = "HAR Sensor Logger";
			};
			name = Debug;
		};
		925404641F3120BE0011B887 /* Release */ = {
			isa = XCBuildConfiguration;
			buildSettings = {
				ALWAYS_EMBED_SWIFT_STANDARD_LIBRARIES = YES;
				INFOPLIST_FILE = "HAR Sensor LoggerUITests/Info.plist";
				LD_RUNPATH_SEARCH_PATHS = "$(inherited) @executable_path/Frameworks @loader_path/Frameworks";
				PRODUCT_BUNDLE_IDENTIFIER = "com.sreelaSTARnet.HAR-Sensor-LoggerUITests";
				PRODUCT_NAME = "$(TARGET_NAME)";
				SWIFT_VERSION = 3.0;
				TEST_TARGET_NAME = "HAR Sensor Logger";
			};
			name = Release;
		};
/* End XCBuildConfiguration section */

/* Begin XCConfigurationList section */
		9254042F1F3120BE0011B887 /* Build configuration list for PBXProject "HAR Sensor Logger" */ = {
			isa = XCConfigurationList;
			buildConfigurations = (
				9254045A1F3120BE0011B887 /* Debug */,
				9254045B1F3120BE0011B887 /* Release */,
			);
			defaultConfigurationIsVisible = 0;
			defaultConfigurationName = Release;
		};
		9254045C1F3120BE0011B887 /* Build configuration list for PBXNativeTarget "HAR Sensor Logger" */ = {
			isa = XCConfigurationList;
			buildConfigurations = (
				9254045D1F3120BE0011B887 /* Debug */,
				9254045E1F3120BE0011B887 /* Release */,
			);
			defaultConfigurationIsVisible = 0;
			defaultConfigurationName = Release;
		};
		9254045F1F3120BE0011B887 /* Build configuration list for PBXNativeTarget "HAR Sensor LoggerTests" */ = {
			isa = XCConfigurationList;
			buildConfigurations = (
				925404601F3120BE0011B887 /* Debug */,
				925404611F3120BE0011B887 /* Release */,
			);
			defaultConfigurationIsVisible = 0;
			defaultConfigurationName = Release;
		};
		925404621F3120BE0011B887 /* Build configuration list for PBXNativeTarget "HAR Sensor LoggerUITests" */ = {
			isa = XCConfigurationList;
			buildConfigurations = (
				925404631F3120BE0011B887 /* Debug */,
				925404641F3120BE0011B887 /* Release */,
			);
			defaultConfigurationIsVisible = 0;
			defaultConfigurationName = Release;
		};
/* End XCConfigurationList section */
	};
	rootObject = 9254042C1F3120BE0011B887 /* Project object */;
}
